
Microsoft Visual Studio Solution File, Format Version 12.00
# Visual Studio Version 16
VisualStudioVersion = 16.0.30804.86
MinimumVisualStudioVersion = 10.0.40219.1
Project("{FAE04EC0-301F-11D3-BF4B-00C04F79EFBC}") = "szzminer", "szzminer\szzminer.csproj", "{020EAFC7-5648-4AB5-944E-FF53A217DBB2}"
EndProject
Project("{FAE04EC0-301F-11D3-BF4B-00C04F79EFBC}") = "nbminer", "nbminerDll\nbminer.csproj", "{59AB83AF-4C23-43B5-ABA9-3C3FE1C03F0D}"
EndProject
Project("{FAE04EC0-301F-11D3-BF4B-00C04F79EFBC}") = "szzminer_overclock", "..\文档\szzminer-main\szzminer-overclock\WindowsFormsApp1\szzminer_overclock.csproj", "{FCCC771B-B01C-4FC4-990D-2A0FEE1AFF15}"
EndProject
Project("{FAE04EC0-301F-11D3-BF4B-00C04F79EFBC}") = "phoenixminer", "phoenixminer\phoenixminer.csproj", "{CEE8D5A0-819B-47A9-8BC1-0C6E65B09E16}"
EndProject
Project("{FAE04EC0-301F-11D3-BF4B-00C04F79EFBC}") = "xmrig", "xmrig\xmrig.csproj", "{BF903A13-08B0-41E5-9085-322B7627613A}"
EndProject
Project("{FAE04EC0-301F-11D3-BF4B-00C04F79EFBC}") = "szzminerServer", "szzminerServer\szzminerServer.csproj", "{13C2B770-8DE6-4227-B826-1AE4E3979E16}"
EndProject
Project("{FAE04EC0-301F-11D3-BF4B-00C04F79EFBC}") = "szzminer_update", "szzminer_update\szzminer_update.csproj", "{6CCD0A0F-693D-40F8-8DA5-2837D62B4936}"
EndProject
Global
	GlobalSection(SolutionConfigurationPlatforms) = preSolution
		Debug|Any CPU = Debug|Any CPU
		Debug|x64 = Debug|x64
		Release|Any CPU = Release|Any CPU
		Release|x64 = Release|x64
	EndGlobalSection
	GlobalSection(ProjectConfigurationPlatforms) = postSolution
		{020EAFC7-5648-4AB5-944E-FF53A217DBB2}.Debug|Any CPU.ActiveCfg = Release|Any CPU
		{020EAFC7-5648-4AB5-944E-FF53A217DBB2}.Debug|Any CPU.Build.0 = Release|Any CPU
		{020EAFC7-5648-4AB5-944E-FF53A217DBB2}.Debug|x64.ActiveCfg = Debug|Any CPU
		{020EAFC7-5648-4AB5-944E-FF53A217DBB2}.Debug|x64.Build.0 = Debug|Any CPU
		{020EAFC7-5648-4AB5-944E-FF53A217DBB2}.Release|Any CPU.ActiveCfg = Release|Any CPU
		{020EAFC7-5648-4AB5-944E-FF53A217DBB2}.Release|Any CPU.Build.0 = Release|Any CPU
		{020EAFC7-5648-4AB5-944E-FF53A217DBB2}.Release|x64.ActiveCfg = Release|Any CPU
		{020EAFC7-5648-4AB5-944E-FF53A217DBB2}.Release|x64.Build.0 = Release|Any CPU
		{59AB83AF-4C23-43B5-ABA9-3C3FE1C03F0D}.Debug|Any CPU.ActiveCfg = Debug|Any CPU
		{59AB83AF-4C23-43B5-ABA9-3C3FE1C03F0D}.Debug|Any CPU.Build.0 = Debug|Any CPU
		{59AB83AF-4C23-43B5-ABA9-3C3FE1C03F0D}.Debug|x64.ActiveCfg = Debug|Any CPU
		{59AB83AF-4C23-43B5-ABA9-3C3FE1C03F0D}.Debug|x64.Build.0 = Debug|Any CPU
		{59AB83AF-4C23-43B5-ABA9-3C3FE1C03F0D}.Release|Any CPU.ActiveCfg = Release|Any CPU
		{59AB83AF-4C23-43B5-ABA9-3C3FE1C03F0D}.Release|Any CPU.Build.0 = Release|Any CPU
		{59AB83AF-4C23-43B5-ABA9-3C3FE1C03F0D}.Release|x64.ActiveCfg = Release|Any CPU
		{59AB83AF-4C23-43B5-ABA9-3C3FE1C03F0D}.Release|x64.Build.0 = Release|Any CPU
		{FCCC771B-B01C-4FC4-990D-2A0FEE1AFF15}.Debug|Any CPU.ActiveCfg = Debug|Any CPU
		{FCCC771B-B01C-4FC4-990D-2A0FEE1AFF15}.Debug|Any CPU.Build.0 = Debug|Any CPU
		{FCCC771B-B01C-4FC4-990D-2A0FEE1AFF15}.Debug|x64.ActiveCfg = Debug|x64
		{FCCC771B-B01C-4FC4-990D-2A0FEE1AFF15}.Debug|x64.Build.0 = Debug|x64
		{FCCC771B-B01C-4FC4-990D-2A0FEE1AFF15}.Release|Any CPU.ActiveCfg = Release|Any CPU
		{FCCC771B-B01C-4FC4-990D-2A0FEE1AFF15}.Release|Any CPU.Build.0 = Release|Any CPU
		{FCCC771B-B01C-4FC4-990D-2A0FEE1AFF15}.Release|x64.ActiveCfg = Release|x64
		{FCCC771B-B01C-4FC4-990D-2A0FEE1AFF15}.Release|x64.Build.0 = Release|x64
		{CEE8D5A0-819B-47A9-8BC1-0C6E65B09E16}.Debug|Any CPU.ActiveCfg = Debug|Any CPU
		{CEE8D5A0-819B-47A9-8BC1-0C6E65B09E16}.Debug|Any CPU.Build.0 = Debug|Any CPU
		{CEE8D5A0-819B-47A9-8BC1-0C6E65B09E16}.Debug|x64.ActiveCfg = Debug|Any CPU
		{CEE8D5A0-819B-47A9-8BC1-0C6E65B09E16}.Debug|x64.Build.0 = Debug|Any CPU
		{CEE8D5A0-819B-47A9-8BC1-0C6E65B09E16}.Release|Any CPU.ActiveCfg = Release|Any CPU
		{CEE8D5A0-819B-47A9-8BC1-0C6E65B09E16}.Release|Any CPU.Build.0 = Release|Any CPU
		{CEE8D5A0-819B-47A9-8BC1-0C6E65B09E16}.Release|x64.ActiveCfg = Release|Any CPU
		{CEE8D5A0-819B-47A9-8BC1-0C6E65B09E16}.Release|x64.Build.0 = Release|Any CPU
		{BF903A13-08B0-41E5-9085-322B7627613A}.Debug|Any CPU.ActiveCfg = Debug|Any CPU
		{BF903A13-08B0-41E5-9085-322B7627613A}.Debug|Any CPU.Build.0 = Debug|Any CPU
		{BF903A13-08B0-41E5-9085-322B7627613A}.Debug|x64.ActiveCfg = Debug|Any CPU
		{BF903A13-08B0-41E5-9085-322B7627613A}.Debug|x64.Build.0 = Debug|Any CPU
		{BF903A13-08B0-41E5-9085-322B7627613A}.Release|Any CPU.ActiveCfg = Release|Any CPU
		{BF903A13-08B0-41E5-9085-322B7627613A}.Release|Any CPU.Build.0 = Release|Any CPU
		{BF903A13-08B0-41E5-9085-322B7627613A}.Release|x64.ActiveCfg = Release|Any CPU
		{BF903A13-08B0-41E5-9085-322B7627613A}.Release|x64.Build.0 = Release|Any CPU
		{13C2B770-8DE6-4227-B826-1AE4E3979E16}.Debug|Any CPU.ActiveCfg = Debug|Any CPU
		{13C2B770-8DE6-4227-B826-1AE4E3979E16}.Debug|Any CPU.Build.0 = Debug|Any CPU
		{13C2B770-8DE6-4227-B826-1AE4E3979E16}.Debug|x64.ActiveCfg = Debug|Any CPU
		{13C2B770-8DE6-4227-B826-1AE4E3979E16}.Debug|x64.Build.0 = Debug|Any CPU
		{13C2B770-8DE6-4227-B826-1AE4E3979E16}.Release|Any CPU.ActiveCfg = Release|Any CPU
		{13C2B770-8DE6-4227-B826-1AE4E3979E16}.Release|Any CPU.Build.0 = Release|Any CPU
		{13C2B770-8DE6-4227-B826-1AE4E3979E16}.Release|x64.ActiveCfg = Release|Any CPU
		{13C2B770-8DE6-4227-B826-1AE4E3979E16}.Release|x64.Build.0 = Release|Any CPU
		{6CCD0A0F-693D-40F8-8DA5-2837D62B4936}.Debug|Any CPU.ActiveCfg = Debug|Any CPU
		{6CCD0A0F-693D-40F8-8DA5-2837D62B4936}.Debug|Any CPU.Build.0 = Debug|Any CPU
		{6CCD0A0F-693D-40F8-8DA5-2837D62B4936}.Debug|x64.ActiveCfg = Debug|Any CPU
		{6CCD0A0F-693D-40F8-8DA5-2837D62B4936}.Debug|x64.Build.0 = Debug|Any CPU
		{6CCD0A0F-693D-40F8-8DA5-2837D62B4936}.Release|Any CPU.ActiveCfg = Release|Any CPU
		{6CCD0A0F-693D-40F8-8DA5-2837D62B4936}.Release|Any CPU.Build.0 = Release|Any CPU
		{6CCD0A0F-693D-40F8-8DA5-2837D62B4936}.Release|x64.ActiveCfg = Release|Any CPU
		{6CCD0A0F-693D-40F8-8DA5-2837D62B4936}.Release|x64.Build.0 = Release|Any CPU
	EndGlobalSection
	GlobalSection(SolutionProperties) = preSolution
		HideSolutionNode = FALSE
	EndGlobalSection
	GlobalSection(ExtensibilityGlobals) = postSolution
		SolutionGuid = {F9DA3C9C-33BB-41C5-9435-30990D299C97}
	EndGlobalSection
EndGlobal
